
Microsoft Visual Studio Solution File, Format Version 12.00
# Visual Studio Version 17
VisualStudioVersion = 17.1.32319.34
MinimumVisualStudioVersion = 10.0.40219.1
Project("{9A19103F-16F7-4668-BE54-9A1E7A4F7556}") = "WebApplication1111", "WebApplication1111\WebApplication1111.csproj", "{3385D7FA-1750-439C-AB01-8059F4E403DB}"
EndProject
Global
	GlobalSection(SolutionConfigurationPlatforms) = preSolution
		Debug|Any CPU = Debug|Any CPU
		Release|Any CPU = Release|Any CPU
	EndGlobalSection
	GlobalSection(ProjectConfigurationPlatforms) = postSolution
		{3385D7FA-1750-439C-AB01-8059F4E403DB}.Debug|Any CPU.ActiveCfg = Debug|Any CPU
		{3385D7FA-1750-439C-AB01-8059F4E403DB}.Debug|Any CPU.Build.0 = Debug|Any CPU
		{3385D7FA-1750-439C-AB01-8059F4E403DB}.Release|Any CPU.ActiveCfg = Release|Any CPU
		{3385D7FA-1750-439C-AB01-8059F4E403DB}.Release|Any CPU.Build.0 = Release|Any CPU
	EndGlobalSection
	GlobalSection(SolutionProperties) = preSolution
		HideSolutionNode = FALSE
	EndGlobalSection
	GlobalSection(ExtensibilityGlobals) = postSolution
		SolutionGuid = {F62FB63E-8A84-4447-AEF3-764399B8C034}
	EndGlobalSection
EndGlobal
