
Microsoft Visual Studio Solution File, Format Version 12.00
# Visual Studio Version 17
VisualStudioVersion = 17.1.32319.34
MinimumVisualStudioVersion = 10.0.40219.1
Project("{FAE04EC0-301F-11D3-BF4B-00C04F79EFBC}") = "DependencyInjection", "DependencyInjection\DependencyInjection.csproj", "{28006968-A7C1-4241-BBAD-0BC3462DCC87}"
EndProject
Global
	GlobalSection(SolutionConfigurationPlatforms) = preSolution
		Debug|Any CPU = Debug|Any CPU
		Release|Any CPU = Release|Any CPU
	EndGlobalSection
	GlobalSection(ProjectConfigurationPlatforms) = postSolution
		{28006968-A7C1-4241-BBAD-0BC3462DCC87}.Debug|Any CPU.ActiveCfg = Debug|Any CPU
		{28006968-A7C1-4241-BBAD-0BC3462DCC87}.Debug|Any CPU.Build.0 = Debug|Any CPU
		{28006968-A7C1-4241-BBAD-0BC3462DCC87}.Release|Any CPU.ActiveCfg = Release|Any CPU
		{28006968-A7C1-4241-BBAD-0BC3462DCC87}.Release|Any CPU.Build.0 = Release|Any CPU
	EndGlobalSection
	GlobalSection(SolutionProperties) = preSolution
		HideSolutionNode = FALSE
	EndGlobalSection
	GlobalSection(ExtensibilityGlobals) = postSolution
		SolutionGuid = {8A29772B-CC53-4E13-B9E0-05CA3C2D5B86}
	EndGlobalSection
EndGlobal
